// !$*UTF8*$!
{
	archiveVersion = 1;
	classes = {
	};
	objectVersion = 55;
	objects = {

/* Begin PBXBuildFile section */
		1B4E6B5B27FEDC1C002AFF59 /* Assets.xcassets in Resources */ = {isa = PBXBuildFile; fileRef = 1B4E6B5A27FEDC1C002AFF59 /* Assets.xcassets */; };
		1B4E6B5E27FEDC1C002AFF59 /* Preview Assets.xcassets in Resources */ = {isa = PBXBuildFile; fileRef = 1B4E6B5D27FEDC1C002AFF59 /* Preview Assets.xcassets */; };
		1B4E6B6B27FEE3E8002AFF59 /* EntryPointApp.swift in Sources */ = {isa = PBXBuildFile; fileRef = 1B4E6B6A27FEE3E8002AFF59 /* EntryPointApp.swift */; };
		1B4E6B6E27FEE476002AFF59 /* PokemonView.swift in Sources */ = {isa = PBXBuildFile; fileRef = 1B4E6B6D27FEE476002AFF59 /* PokemonView.swift */; };
		1B4E6B7327FEE4B6002AFF59 /* PokemonModel.swift in Sources */ = {isa = PBXBuildFile; fileRef = 1B4E6B7227FEE4B6002AFF59 /* PokemonModel.swift */; };
		1B4E6B7527FEE4E4002AFF59 /* PokemonViewModel.swift in Sources */ = {isa = PBXBuildFile; fileRef = 1B4E6B7427FEE4E4002AFF59 /* PokemonViewModel.swift */; };
		1B4E6B7727FEE517002AFF59 /* PokemonUseCase.swift in Sources */ = {isa = PBXBuildFile; fileRef = 1B4E6B7627FEE517002AFF59 /* PokemonUseCase.swift */; };
		1B4E6B7C27FEE54B002AFF59 /* Services.swift in Sources */ = {isa = PBXBuildFile; fileRef = 1B4E6B7B27FEE54B002AFF59 /* Services.swift */; };
		1B4E6B7E27FEE5FB002AFF59 /* PokemonCell.swift in Sources */ = {isa = PBXBuildFile; fileRef = 1B4E6B7D27FEE5FA002AFF59 /* PokemonCell.swift */; };
		1B4E6B8227FEE6FA002AFF59 /* ActivityIndicatorView.swift in Sources */ = {isa = PBXBuildFile; fileRef = 1B4E6B8127FEE6FA002AFF59 /* ActivityIndicatorView.swift */; };
		1B4E6B8427FEE8F5002AFF59 /* Publisher+ActivityTracker.swift in Sources */ = {isa = PBXBuildFile; fileRef = 1B4E6B8327FEE8F5002AFF59 /* Publisher+ActivityTracker.swift */; };
		1B4E6B8727FEEBE3002AFF59 /* ViewModelType.swift in Sources */ = {isa = PBXBuildFile; fileRef = 1B4E6B8627FEEBE3002AFF59 /* ViewModelType.swift */; };
		1B4E6B8927FEEC0C002AFF59 /* CancelBag.swift in Sources */ = {isa = PBXBuildFile; fileRef = 1B4E6B8827FEEC0C002AFF59 /* CancelBag.swift */; };
		9C07AC0815B169B7469676AE /* Pods_SwiftUI_Combine_MVVM.framework in Frameworks */ = {isa = PBXBuildFile; fileRef = B191C65C0FB800C4DC884239 /* Pods_SwiftUI_Combine_MVVM.framework */; };
/* End PBXBuildFile section */

/* Begin PBXFileReference section */
		1B4E6B5327FEDC16002AFF59 /* SwiftUI-Combine-MVVM.app */ = {isa = PBXFileReference; explicitFileType = wrapper.application; includeInIndex = 0; path = "SwiftUI-Combine-MVVM.app"; sourceTree = BUILT_PRODUCTS_DIR; };
		1B4E6B5A27FEDC1C002AFF59 /* Assets.xcassets */ = {isa = PBXFileReference; lastKnownFileType = folder.assetcatalog; path = Assets.xcassets; sourceTree = "<group>"; };
		1B4E6B5D27FEDC1C002AFF59 /* Preview Assets.xcassets */ = {isa = PBXFileReference; lastKnownFileType = folder.assetcatalog; path = "Preview Assets.xcassets"; sourceTree = "<group>"; };
		1B4E6B6A27FEE3E8002AFF59 /* EntryPointApp.swift */ = {isa = PBXFileReference; lastKnownFileType = sourcecode.swift; path = EntryPointApp.swift; sourceTree = "<group>"; };
		1B4E6B6D27FEE476002AFF59 /* PokemonView.swift */ = {isa = PBXFileReference; lastKnownFileType = sourcecode.swift; path = PokemonView.swift; sourceTree = "<group>"; };
		1B4E6B7227FEE4B6002AFF59 /* PokemonModel.swift */ = {isa = PBXFileReference; lastKnownFileType = sourcecode.swift; path = PokemonModel.swift; sourceTree = "<group>"; };
		1B4E6B7427FEE4E4002AFF59 /* PokemonViewModel.swift */ = {isa = PBXFileReference; lastKnownFileType = sourcecode.swift; path = PokemonViewModel.swift; sourceTree = "<group>"; };
		1B4E6B7627FEE517002AFF59 /* PokemonUseCase.swift */ = {isa = PBXFileReference; lastKnownFileType = sourcecode.swift; path = PokemonUseCase.swift; sourceTree = "<group>"; };
		1B4E6B7B27FEE54B002AFF59 /* Services.swift */ = {isa = PBXFileReference; lastKnownFileType = sourcecode.swift; path = Services.swift; sourceTree = "<group>"; };
		1B4E6B7D27FEE5FA002AFF59 /* PokemonCell.swift */ = {isa = PBXFileReference; lastKnownFileType = sourcecode.swift; path = PokemonCell.swift; sourceTree = "<group>"; };
		1B4E6B8127FEE6FA002AFF59 /* ActivityIndicatorView.swift */ = {isa = PBXFileReference; lastKnownFileType = sourcecode.swift; path = ActivityIndicatorView.swift; sourceTree = "<group>"; };
		1B4E6B8327FEE8F5002AFF59 /* Publisher+ActivityTracker.swift */ = {isa = PBXFileReference; lastKnownFileType = sourcecode.swift; path = "Publisher+ActivityTracker.swift"; sourceTree = "<group>"; };
		1B4E6B8627FEEBE3002AFF59 /* ViewModelType.swift */ = {isa = PBXFileReference; lastKnownFileType = sourcecode.swift; path = ViewModelType.swift; sourceTree = "<group>"; };
		1B4E6B8827FEEC0C002AFF59 /* CancelBag.swift */ = {isa = PBXFileReference; lastKnownFileType = sourcecode.swift; path = CancelBag.swift; sourceTree = "<group>"; };
		3FE6D6B8EA151ED887ABDE3E /* Pods-SwiftUI-Combine-MVVM.debug.xcconfig */ = {isa = PBXFileReference; includeInIndex = 1; lastKnownFileType = text.xcconfig; name = "Pods-SwiftUI-Combine-MVVM.debug.xcconfig"; path = "Target Support Files/Pods-SwiftUI-Combine-MVVM/Pods-SwiftUI-Combine-MVVM.debug.xcconfig"; sourceTree = "<group>"; };
		B191C65C0FB800C4DC884239 /* Pods_SwiftUI_Combine_MVVM.framework */ = {isa = PBXFileReference; explicitFileType = wrapper.framework; includeInIndex = 0; path = Pods_SwiftUI_Combine_MVVM.framework; sourceTree = BUILT_PRODUCTS_DIR; };
		C5ACC2E49DE84F439F6996EA /* Pods-SwiftUI-Combine-MVVM.release.xcconfig */ = {isa = PBXFileReference; includeInIndex = 1; lastKnownFileType = text.xcconfig; name = "Pods-SwiftUI-Combine-MVVM.release.xcconfig"; path = "Target Support Files/Pods-SwiftUI-Combine-MVVM/Pods-SwiftUI-Combine-MVVM.release.xcconfig"; sourceTree = "<group>"; };
/* End PBXFileReference section */

/* Begin PBXFrameworksBuildPhase section */
		1B4E6B5027FEDC16002AFF59 /* Frameworks */ = {
			isa = PBXFrameworksBuildPhase;
			buildActionMask = 2147483647;
			files = (
				9C07AC0815B169B7469676AE /* Pods_SwiftUI_Combine_MVVM.framework in Frameworks */,
			);
			runOnlyForDeploymentPostprocessing = 0;
		};
/* End PBXFrameworksBuildPhase section */

/* Begin PBXGroup section */
		1B4E6B4A27FEDC16002AFF59 = {
			isa = PBXGroup;
			children = (
				1B4E6B5527FEDC16002AFF59 /* SwiftUI-Combine-MVVM */,
				1B4E6B5427FEDC16002AFF59 /* Products */,
				C5E116053F29330404B7E6F9 /* Pods */,
				D168E3EC6F0BA6918B94CCD4 /* Frameworks */,
			);
			sourceTree = "<group>";
		};
		1B4E6B5427FEDC16002AFF59 /* Products */ = {
			isa = PBXGroup;
			children = (
				1B4E6B5327FEDC16002AFF59 /* SwiftUI-Combine-MVVM.app */,
			);
			name = Products;
			sourceTree = "<group>";
		};
		1B4E6B5527FEDC16002AFF59 /* SwiftUI-Combine-MVVM */ = {
			isa = PBXGroup;
			children = (
				1B4E6B8527FEEB8C002AFF59 /* Ultility */,
				1B4E6B8027FEE6DC002AFF59 /* View */,
				1B4E6B7A27FEE53C002AFF59 /* Network */,
				1B4E6B6527FEE34E002AFF59 /* Module */,
				1B4E6B6627FEE35E002AFF59 /* Extension */,
				1B4E6B5A27FEDC1C002AFF59 /* Assets.xcassets */,
				1B4E6B6727FEE376002AFF59 /* EntryPointApp */,
				1B4E6B5C27FEDC1C002AFF59 /* Preview Content */,
			);
			path = "SwiftUI-Combine-MVVM";
			sourceTree = "<group>";
		};
		1B4E6B5C27FEDC1C002AFF59 /* Preview Content */ = {
			isa = PBXGroup;
			children = (
				1B4E6B5D27FEDC1C002AFF59 /* Preview Assets.xcassets */,
			);
			path = "Preview Content";
			sourceTree = "<group>";
		};
		1B4E6B6427FEE347002AFF59 /* Domain */ = {
			isa = PBXGroup;
			children = (
				1B4E6B7627FEE517002AFF59 /* PokemonUseCase.swift */,
			);
			path = Domain;
			sourceTree = "<group>";
		};
		1B4E6B6527FEE34E002AFF59 /* Module */ = {
			isa = PBXGroup;
			children = (
				1B4E6B6C27FEE44F002AFF59 /* Pokemon */,
			);
			path = Module;
			sourceTree = "<group>";
		};
		1B4E6B6627FEE35E002AFF59 /* Extension */ = {
			isa = PBXGroup;
			children = (
				1B4E6B8327FEE8F5002AFF59 /* Publisher+ActivityTracker.swift */,
			);
			path = Extension;
			sourceTree = "<group>";
		};
		1B4E6B6727FEE376002AFF59 /* EntryPointApp */ = {
			isa = PBXGroup;
			children = (
				1B4E6B6A27FEE3E8002AFF59 /* EntryPointApp.swift */,
			);
			path = EntryPointApp;
			sourceTree = "<group>";
		};
		1B4E6B6C27FEE44F002AFF59 /* Pokemon */ = {
			isa = PBXGroup;
			children = (
				1B4E6B8A27FEEC45002AFF59 /* Cell */,
				1B4E6B6D27FEE476002AFF59 /* PokemonView.swift */,
				1B4E6B7427FEE4E4002AFF59 /* PokemonViewModel.swift */,
			);
			path = Pokemon;
			sourceTree = "<group>";
		};
		1B4E6B7127FEE4AD002AFF59 /* Model */ = {
			isa = PBXGroup;
			children = (
				1B4E6B7227FEE4B6002AFF59 /* PokemonModel.swift */,
			);
			path = Model;
			sourceTree = "<group>";
		};
		1B4E6B7A27FEE53C002AFF59 /* Network */ = {
			isa = PBXGroup;
			children = (
				1B4E6B6427FEE347002AFF59 /* Domain */,
				1B4E6B7127FEE4AD002AFF59 /* Model */,
				1B4E6B7B27FEE54B002AFF59 /* Services.swift */,
			);
			path = Network;
			sourceTree = "<group>";
		};
		1B4E6B8027FEE6DC002AFF59 /* View */ = {
			isa = PBXGroup;
			children = (
				1B4E6B8127FEE6FA002AFF59 /* ActivityIndicatorView.swift */,
			);
			path = View;
			sourceTree = "<group>";
		};
		1B4E6B8527FEEB8C002AFF59 /* Ultility */ = {
			isa = PBXGroup;
			children = (
				1B4E6B8627FEEBE3002AFF59 /* ViewModelType.swift */,
				1B4E6B8827FEEC0C002AFF59 /* CancelBag.swift */,
			);
			path = Ultility;
			sourceTree = "<group>";
		};
		1B4E6B8A27FEEC45002AFF59 /* Cell */ = {
			isa = PBXGroup;
			children = (
				1B4E6B7D27FEE5FA002AFF59 /* PokemonCell.swift */,
			);
			path = Cell;
			sourceTree = "<group>";
		};
		C5E116053F29330404B7E6F9 /* Pods */ = {
			isa = PBXGroup;
			children = (
				3FE6D6B8EA151ED887ABDE3E /* Pods-SwiftUI-Combine-MVVM.debug.xcconfig */,
				C5ACC2E49DE84F439F6996EA /* Pods-SwiftUI-Combine-MVVM.release.xcconfig */,
			);
			path = Pods;
			sourceTree = "<group>";
		};
		D168E3EC6F0BA6918B94CCD4 /* Frameworks */ = {
			isa = PBXGroup;
			children = (
				B191C65C0FB800C4DC884239 /* Pods_SwiftUI_Combine_MVVM.framework */,
			);
			name = Frameworks;
			sourceTree = "<group>";
		};
/* End PBXGroup section */

/* Begin PBXNativeTarget section */
		1B4E6B5227FEDC16002AFF59 /* SwiftUI-Combine-MVVM */ = {
			isa = PBXNativeTarget;
			buildConfigurationList = 1B4E6B6127FEDC1C002AFF59 /* Build configuration list for PBXNativeTarget "SwiftUI-Combine-MVVM" */;
			buildPhases = (
				02B4F9B2325C041EDCBD0A5B /* [CP] Check Pods Manifest.lock */,
				1B4E6B4F27FEDC16002AFF59 /* Sources */,
				1B4E6B5027FEDC16002AFF59 /* Frameworks */,
				1B4E6B5127FEDC16002AFF59 /* Resources */,
				A414A93402C0EAC53F58BBFD /* [CP] Embed Pods Frameworks */,
			);
			buildRules = (
			);
			dependencies = (
			);
			name = "SwiftUI-Combine-MVVM";
			productName = "SwiftUI-Combine-MVVM";
			productReference = 1B4E6B5327FEDC16002AFF59 /* SwiftUI-Combine-MVVM.app */;
			productType = "com.apple.product-type.application";
		};
/* End PBXNativeTarget section */

/* Begin PBXProject section */
		1B4E6B4B27FEDC16002AFF59 /* Project object */ = {
			isa = PBXProject;
			attributes = {
				BuildIndependentTargetsInParallel = 1;
				LastSwiftUpdateCheck = 1320;
				LastUpgradeCheck = 1320;
				TargetAttributes = {
					1B4E6B5227FEDC16002AFF59 = {
						CreatedOnToolsVersion = 13.2.1;
					};
				};
			};
			buildConfigurationList = 1B4E6B4E27FEDC16002AFF59 /* Build configuration list for PBXProject "SwiftUI-Combine-MVVM" */;
			compatibilityVersion = "Xcode 13.0";
			developmentRegion = en;
			hasScannedForEncodings = 0;
			knownRegions = (
				en,
				Base,
			);
			mainGroup = 1B4E6B4A27FEDC16002AFF59;
			productRefGroup = 1B4E6B5427FEDC16002AFF59 /* Products */;
			projectDirPath = "";
			projectRoot = "";
			targets = (
				1B4E6B5227FEDC16002AFF59 /* SwiftUI-Combine-MVVM */,
			);
		};
/* End PBXProject section */

/* Begin PBXResourcesBuildPhase section */
		1B4E6B5127FEDC16002AFF59 /* Resources */ = {
			isa = PBXResourcesBuildPhase;
			buildActionMask = 2147483647;
			files = (
				1B4E6B5E27FEDC1C002AFF59 /* Preview Assets.xcassets in Resources */,
				1B4E6B5B27FEDC1C002AFF59 /* Assets.xcassets in Resources */,
			);
			runOnlyForDeploymentPostprocessing = 0;
		};
/* End PBXResourcesBuildPhase section */

/* Begin PBXShellScriptBuildPhase section */
		02B4F9B2325C041EDCBD0A5B /* [CP] Check Pods Manifest.lock */ = {
			isa = PBXShellScriptBuildPhase;
			buildActionMask = 2147483647;
			files = (
			);
			inputFileListPaths = (
			);
			inputPaths = (
				"${PODS_PODFILE_DIR_PATH}/Podfile.lock",
				"${PODS_ROOT}/Manifest.lock",
			);
			name = "[CP] Check Pods Manifest.lock";
			outputFileListPaths = (
			);
			outputPaths = (
				"$(DERIVED_FILE_DIR)/Pods-SwiftUI-Combine-MVVM-checkManifestLockResult.txt",
			);
			runOnlyForDeploymentPostprocessing = 0;
			shellPath = /bin/sh;
			shellScript = "diff \"${PODS_PODFILE_DIR_PATH}/Podfile.lock\" \"${PODS_ROOT}/Manifest.lock\" > /dev/null\nif [ $? != 0 ] ; then\n    # print error to STDERR\n    echo \"error: The sandbox is not in sync with the Podfile.lock. Run 'pod install' or update your CocoaPods installation.\" >&2\n    exit 1\nfi\n# This output is used by Xcode 'outputs' to avoid re-running this script phase.\necho \"SUCCESS\" > \"${SCRIPT_OUTPUT_FILE_0}\"\n";
			showEnvVarsInLog = 0;
		};
		A414A93402C0EAC53F58BBFD /* [CP] Embed Pods Frameworks */ = {
			isa = PBXShellScriptBuildPhase;
			buildActionMask = 2147483647;
			files = (
			);
			inputFileListPaths = (
				"${PODS_ROOT}/Target Support Files/Pods-SwiftUI-Combine-MVVM/Pods-SwiftUI-Combine-MVVM-frameworks-${CONFIGURATION}-input-files.xcfilelist",
			);
			name = "[CP] Embed Pods Frameworks";
			outputFileListPaths = (
				"${PODS_ROOT}/Target Support Files/Pods-SwiftUI-Combine-MVVM/Pods-SwiftUI-Combine-MVVM-frameworks-${CONFIGURATION}-output-files.xcfilelist",
			);
			runOnlyForDeploymentPostprocessing = 0;
			shellPath = /bin/sh;
			shellScript = "\"${PODS_ROOT}/Target Support Files/Pods-SwiftUI-Combine-MVVM/Pods-SwiftUI-Combine-MVVM-frameworks.sh\"\n";
			showEnvVarsInLog = 0;
		};
/* End PBXShellScriptBuildPhase section */

/* Begin PBXSourcesBuildPhase section */
		1B4E6B4F27FEDC16002AFF59 /* Sources */ = {
			isa = PBXSourcesBuildPhase;
			buildActionMask = 2147483647;
			files = (
				1B4E6B7727FEE517002AFF59 /* PokemonUseCase.swift in Sources */,
				1B4E6B7C27FEE54B002AFF59 /* Services.swift in Sources */,
				1B4E6B6E27FEE476002AFF59 /* PokemonView.swift in Sources */,
				1B4E6B8227FEE6FA002AFF59 /* ActivityIndicatorView.swift in Sources */,
				1B4E6B7327FEE4B6002AFF59 /* PokemonModel.swift in Sources */,
				1B4E6B7527FEE4E4002AFF59 /* PokemonViewModel.swift in Sources */,
				1B4E6B8427FEE8F5002AFF59 /* Publisher+ActivityTracker.swift in Sources */,
				1B4E6B7E27FEE5FB002AFF59 /* PokemonCell.swift in Sources */,
				1B4E6B8927FEEC0C002AFF59 /* CancelBag.swift in Sources */,
				1B4E6B8727FEEBE3002AFF59 /* ViewModelType.swift in Sources */,
				1B4E6B6B27FEE3E8002AFF59 /* EntryPointApp.swift in Sources */,
			);
			runOnlyForDeploymentPostprocessing = 0;
		};
/* End PBXSourcesBuildPhase section */

/* Begin XCBuildConfiguration section */
		1B4E6B5F27FEDC1C002AFF59 /* Debug */ = {
			isa = XCBuildConfiguration;
			buildSettings = {
				ALWAYS_SEARCH_USER_PATHS = NO;
				CLANG_ANALYZER_NONNULL = YES;
				CLANG_ANALYZER_NUMBER_OBJECT_CONVERSION = YES_AGGRESSIVE;
				CLANG_CXX_LANGUAGE_STANDARD = "gnu++17";
				CLANG_CXX_LIBRARY = "libc++";
				CLANG_ENABLE_MODULES = YES;
				CLANG_ENABLE_OBJC_ARC = YES;
				CLANG_ENABLE_OBJC_WEAK = YES;
				CLANG_WARN_BLOCK_CAPTURE_AUTORELEASING = YES;
				CLANG_WARN_BOOL_CONVERSION = YES;
				CLANG_WARN_COMMA = YES;
				CLANG_WARN_CONSTANT_CONVERSION = YES;
				CLANG_WARN_DEPRECATED_OBJC_IMPLEMENTATIONS = YES;
				CLANG_WARN_DIRECT_OBJC_ISA_USAGE = YES_ERROR;
				CLANG_WARN_DOCUMENTATION_COMMENTS = YES;
				CLANG_WARN_EMPTY_BODY = YES;
				CLANG_WARN_ENUM_CONVERSION = YES;
				CLANG_WARN_INFINITE_RECURSION = YES;
				CLANG_WARN_INT_CONVERSION = YES;
				CLANG_WARN_NON_LITERAL_NULL_CONVERSION = YES;
				CLANG_WARN_OBJC_IMPLICIT_RETAIN_SELF = YES;
				CLANG_WARN_OBJC_LITERAL_CONVERSION = YES;
				CLANG_WARN_OBJC_ROOT_CLASS = YES_ERROR;
				CLANG_WARN_QUOTED_INCLUDE_IN_FRAMEWORK_HEADER = YES;
				CLANG_WARN_RANGE_LOOP_ANALYSIS = YES;
				CLANG_WARN_STRICT_PROTOTYPES = YES;
				CLANG_WARN_SUSPICIOUS_MOVE = YES;
				CLANG_WARN_UNGUARDED_AVAILABILITY = YES_AGGRESSIVE;
				CLANG_WARN_UNREACHABLE_CODE = YES;
				CLANG_WARN__DUPLICATE_METHOD_MATCH = YES;
				COPY_PHASE_STRIP = NO;
				DEBUG_INFORMATION_FORMAT = dwarf;
				ENABLE_STRICT_OBJC_MSGSEND = YES;
				ENABLE_TESTABILITY = YES;
				GCC_C_LANGUAGE_STANDARD = gnu11;
				GCC_DYNAMIC_NO_PIC = NO;
				GCC_NO_COMMON_BLOCKS = YES;
				GCC_OPTIMIZATION_LEVEL = 0;
				GCC_PREPROCESSOR_DEFINITIONS = (
					"DEBUG=1",
					"$(inherited)",
				);
				GCC_WARN_64_TO_32_BIT_CONVERSION = YES;
				GCC_WARN_ABOUT_RETURN_TYPE = YES_ERROR;
				GCC_WARN_UNDECLARED_SELECTOR = YES;
				GCC_WARN_UNINITIALIZED_AUTOS = YES_AGGRESSIVE;
				GCC_WARN_UNUSED_FUNCTION = YES;
				GCC_WARN_UNUSED_VARIABLE = YES;
				IPHONEOS_DEPLOYMENT_TARGET = 15.2;
				MTL_ENABLE_DEBUG_INFO = INCLUDE_SOURCE;
				MTL_FAST_MATH = YES;
				ONLY_ACTIVE_ARCH = YES;
				SDKROOT = iphoneos;
				SWIFT_ACTIVE_COMPILATION_CONDITIONS = DEBUG;
				SWIFT_OPTIMIZATION_LEVEL = "-Onone";
			};
			name = Debug;
		};
		1B4E6B6027FEDC1C002AFF59 /* Release */ = {
			isa = XCBuildConfiguration;
			buildSettings = {
				ALWAYS_SEARCH_USER_PATHS = NO;
				CLANG_ANALYZER_NONNULL = YES;
				CLANG_ANALYZER_NUMBER_OBJECT_CONVERSION = YES_AGGRESSIVE;
				CLANG_CXX_LANGUAGE_STANDARD = "gnu++17";
				CLANG_CXX_LIBRARY = "libc++";
				CLANG_ENABLE_MODULES = YES;
				CLANG_ENABLE_OBJC_ARC = YES;
				CLANG_ENABLE_OBJC_WEAK = YES;
				CLANG_WARN_BLOCK_CAPTURE_AUTORELEASING = YES;
				CLANG_WARN_BOOL_CONVERSION = YES;
				CLANG_WARN_COMMA = YES;
				CLANG_WARN_CONSTANT_CONVERSION = YES;
				CLANG_WARN_DEPRECATED_OBJC_IMPLEMENTATIONS = YES;
				CLANG_WARN_DIRECT_OBJC_ISA_USAGE = YES_ERROR;
				CLANG_WARN_DOCUMENTATION_COMMENTS = YES;
				CLANG_WARN_EMPTY_BODY = YES;
				CLANG_WARN_ENUM_CONVERSION = YES;
				CLANG_WARN_INFINITE_RECURSION = YES;
				CLANG_WARN_INT_CONVERSION = YES;
				CLANG_WARN_NON_LITERAL_NULL_CONVERSION = YES;
				CLANG_WARN_OBJC_IMPLICIT_RETAIN_SELF = YES;
				CLANG_WARN_OBJC_LITERAL_CONVERSION = YES;
				CLANG_WARN_OBJC_ROOT_CLASS = YES_ERROR;
				CLANG_WARN_QUOTED_INCLUDE_IN_FRAMEWORK_HEADER = YES;
				CLANG_WARN_RANGE_LOOP_ANALYSIS = YES;
				CLANG_WARN_STRICT_PROTOTYPES = YES;
				CLANG_WARN_SUSPICIOUS_MOVE = YES;
				CLANG_WARN_UNGUARDED_AVAILABILITY = YES_AGGRESSIVE;
				CLANG_WARN_UNREACHABLE_CODE = YES;
				CLANG_WARN__DUPLICATE_METHOD_MATCH = YES;
				COPY_PHASE_STRIP = NO;
				DEBUG_INFORMATION_FORMAT = "dwarf-with-dsym";
				ENABLE_NS_ASSERTIONS = NO;
				ENABLE_STRICT_OBJC_MSGSEND = YES;
				GCC_C_LANGUAGE_STANDARD = gnu11;
				GCC_NO_COMMON_BLOCKS = YES;
				GCC_WARN_64_TO_32_BIT_CONVERSION = YES;
				GCC_WARN_ABOUT_RETURN_TYPE = YES_ERROR;
				GCC_WARN_UNDECLARED_SELECTOR = YES;
				GCC_WARN_UNINITIALIZED_AUTOS = YES_AGGRESSIVE;
				GCC_WARN_UNUSED_FUNCTION = YES;
				GCC_WARN_UNUSED_VARIABLE = YES;
				IPHONEOS_DEPLOYMENT_TARGET = 15.2;
				MTL_ENABLE_DEBUG_INFO = NO;
				MTL_FAST_MATH = YES;
				SDKROOT = iphoneos;
				SWIFT_COMPILATION_MODE = wholemodule;
				SWIFT_OPTIMIZATION_LEVEL = "-O";
				VALIDATE_PRODUCT = YES;
			};
			name = Release;
		};
		1B4E6B6227FEDC1C002AFF59 /* Debug */ = {
			isa = XCBuildConfiguration;
			baseConfigurationReference = 3FE6D6B8EA151ED887ABDE3E /* Pods-SwiftUI-Combine-MVVM.debug.xcconfig */;
			buildSettings = {
				ASSETCATALOG_COMPILER_APPICON_NAME = AppIcon;
				ASSETCATALOG_COMPILER_GLOBAL_ACCENT_COLOR_NAME = AccentColor;
				CODE_SIGN_STYLE = Automatic;
				CURRENT_PROJECT_VERSION = 1;
				DEVELOPMENT_ASSET_PATHS = "\"SwiftUI-Combine-MVVM/Preview Content\"";
				ENABLE_PREVIEWS = YES;
				GENERATE_INFOPLIST_FILE = YES;
				INFOPLIST_KEY_UIApplicationSceneManifest_Generation = YES;
				INFOPLIST_KEY_UIApplicationSupportsIndirectInputEvents = YES;
				INFOPLIST_KEY_UILaunchScreen_Generation = YES;
				INFOPLIST_KEY_UISupportedInterfaceOrientations_iPad = "UIInterfaceOrientationPortrait UIInterfaceOrientationPortraitUpsideDown UIInterfaceOrientationLandscapeLeft UIInterfaceOrientationLandscapeRight";
				INFOPLIST_KEY_UISupportedInterfaceOrientations_iPhone = "UIInterfaceOrientationPortrait UIInterfaceOrientationLandscapeLeft UIInterfaceOrientationLandscapeRight";
				LD_RUNPATH_SEARCH_PATHS = (
					"$(inherited)",
					"@executable_path/Frameworks",
				);
				MARKETING_VERSION = 1.0;
				PRODUCT_BUNDLE_IDENTIFIER = "xoai.SwiftUI-Combine-MVVM";
				PRODUCT_NAME = "$(TARGET_NAME)";
				SWIFT_EMIT_LOC_STRINGS = YES;
				SWIFT_VERSION = 5.0;
				TARGETED_DEVICE_FAMILY = "1,2";
			};
			name = Debug;
		};
		1B4E6B6327FEDC1C002AFF59 /* Release */ = {
			isa = XCBuildConfiguration;
			baseConfigurationReference = C5ACC2E49DE84F439F6996EA /* Pods-SwiftUI-Combine-MVVM.release.xcconfig */;
			buildSettings = {
				ASSETCATALOG_COMPILER_APPICON_NAME = AppIcon;
				ASSETCATALOG_COMPILER_GLOBAL_ACCENT_COLOR_NAME = AccentColor;
				CODE_SIGN_STYLE = Automatic;
				CURRENT_PROJECT_VERSION = 1;
				DEVELOPMENT_ASSET_PATHS = "\"SwiftUI-Combine-MVVM/Preview Content\"";
				ENABLE_PREVIEWS = YES;
				GENERATE_INFOPLIST_FILE = YES;
				INFOPLIST_KEY_UIApplicationSceneManifest_Generation = YES;
				INFOPLIST_KEY_UIApplicationSupportsIndirectInputEvents = YES;
				INFOPLIST_KEY_UILaunchScreen_Generation = YES;
				INFOPLIST_KEY_UISupportedInterfaceOrientations_iPad = "UIInterfaceOrientationPortrait UIInterfaceOrientationPortraitUpsideDown UIInterfaceOrientationLandscapeLeft UIInterfaceOrientationLandscapeRight";
				INFOPLIST_KEY_UISupportedInterfaceOrientations_iPhone = "UIInterfaceOrientationPortrait UIInterfaceOrientationLandscapeLeft UIInterfaceOrientationLandscapeRight";
				LD_RUNPATH_SEARCH_PATHS = (
					"$(inherited)",
					"@executable_path/Frameworks",
				);
				MARKETING_VERSION = 1.0;
				PRODUCT_BUNDLE_IDENTIFIER = "xoai.SwiftUI-Combine-MVVM";
				PRODUCT_NAME = "$(TARGET_NAME)";
				SWIFT_EMIT_LOC_STRINGS = YES;
				SWIFT_VERSION = 5.0;
				TARGETED_DEVICE_FAMILY = "1,2";
			};
			name = Release;
		};
/* End XCBuildConfiguration section */

/* Begin XCConfigurationList section */
		1B4E6B4E27FEDC16002AFF59 /* Build configuration list for PBXProject "SwiftUI-Combine-MVVM" */ = {
			isa = XCConfigurationList;
			buildConfigurations = (
				1B4E6B5F27FEDC1C002AFF59 /* Debug */,
				1B4E6B6027FEDC1C002AFF59 /* Release */,
			);
			defaultConfigurationIsVisible = 0;
			defaultConfigurationName = Release;
		};
		1B4E6B6127FEDC1C002AFF59 /* Build configuration list for PBXNativeTarget "SwiftUI-Combine-MVVM" */ = {
			isa = XCConfigurationList;
			buildConfigurations = (
				1B4E6B6227FEDC1C002AFF59 /* Debug */,
				1B4E6B6327FEDC1C002AFF59 /* Release */,
			);
			defaultConfigurationIsVisible = 0;
			defaultConfigurationName = Release;
		};
/* End XCConfigurationList section */
	};
	rootObject = 1B4E6B4B27FEDC16002AFF59 /* Project object */;
}
